# THIS IS AN AUTOGENERATED FILE. DO NOT EDIT THIS FILE DIRECTLY.
# yarn lockfile v1


"@lvchengbin/event-emitter@^0.1.4":
  version "0.1.5"
  resolved "https://registry.yarnpkg.com/@lvchengbin/event-emitter/-/event-emitter-0.1.5.tgz#a1410e09af0d224ebac8dc9133bc84d099e1fae4"
  integrity sha512-3PI0LJemzr8xdxpDUbf995iXdzeE65GKl3vyIE3nU+JsWtGBMzg4ebc1XAVJeNpfJicExgXmzNuPMWQcHA2mWQ==
  dependencies:
    "@lvchengbin/is" "0.0.27"

"@lvchengbin/is@0.0.17":
  version "0.0.17"
  resolved "https://registry.yarnpkg.com/@lvchengbin/is/-/is-0.0.17.tgz#b2158fc8e185d914ca17607111a6f9dcd952aad4"
  integrity sha512-TrbqAeBeH7T33SeTSqjluCTyzE48mHW7FwKIIjzhJHY6IFcWu15/UpMjhadHZPDjG390Y/kleWmnE5vm5Vgkkw==

"@lvchengbin/is@0.0.18":
  version "0.0.18"
  resolved "https://registry.yarnpkg.com/@lvchengbin/is/-/is-0.0.18.tgz#2be127aa658843a5ecce7687cea73355ec490d39"
  integrity sha512-ASL0X5tAQqyGtFPKDD7aTAsdspdOaKBSCOrytfInBn/DtwMsV/1QK8Cj/hDu/t7toLcwYb2GRrZ/0TLzCqxwcQ==

"@lvchengbin/is@0.0.27":
  version "0.0.27"
  resolved "https://registry.yarnpkg.com/@lvchengbin/is/-/is-0.0.27.tgz#46a0aa0881d27c34d6ca666317185b0c0d89190a"
  integrity sha512-g02dng+7pnWYntAyXKYxe0xx/F0rPsY8OrRTiFn8n43Ye62C5ZKFmOV94LhnmMcb8ka/l4JEZ0AGZ1u51JXPFw==

"@lvchengbin/kit@0.0.0":
  version "0.0.0"
  resolved "https://registry.yarnpkg.com/@lvchengbin/kit/-/kit-0.0.0.tgz#9a038fe250462527bf36b6fd273bd96a0f42d41d"
  integrity sha512-IXATMdo0J99TKTtE1jOC6n3FIAsNokJ4/mgmmx7/xe7d8G1RBxr6iHbxJrYamRjx5jNlRl5oApXZ/XlFF1oTGw==
  dependencies:
    "@lvchengbin/is" "0.0.17"

"@lvchengbin/promise@^1.1.7":
  version "1.1.7"
  resolved "https://registry.yarnpkg.com/@lvchengbin/promise/-/promise-1.1.7.tgz#343c965d71aa0a06467e71570229ef38e783f2d8"
  integrity sha512-7bFRqQHMH9P/gk5UW8PyeNY2xfcq86PJjGwNZPuQzGE2tPIq7obQOmUC2onkHXg2SCUFe4Phj7sxTsV1HZCVCA==
  dependencies:
    "@lvchengbin/is" "0.0.17"

"@lvchengbin/sequence@^1.1.10":
  version "1.1.10"
  resolved "https://registry.yarnpkg.com/@lvchengbin/sequence/-/sequence-1.1.10.tgz#69ca3727746d2df6cb5b8aa0610ba56e15a3bf6f"
  integrity sha512-sEqieuglNx6zBw8CmDgLrjBXfm1/kx99OYg0APa4cbIfPajmqxXIg36HsrCePDE1PbL6eKVgwzNIZOtD3xj65Q==
  dependencies:
    "@lvchengbin/event-emitter" "^0.1.4"
    "@lvchengbin/is" "0.0.18"
    "@lvchengbin/kit" "0.0.0"
    "@lvchengbin/promise" "^1.1.7"

axios@^0.21.1:
  version "0.21.1"
  resolved "https://registry.yarnpkg.com/axios/-/axios-0.21.1.tgz#22563481962f4d6bde9a76d516ef0e5d3c09b2b8"
  integrity sha512-dKQiRHxGD9PPRIUNIWvZhPTPpl1rf/OxTYKsqKUDjBwYylTvV7SjSHJb9ratfyzM6wCdLCOYLzs73qpg5c4iGA==
  dependencies:
    follow-redirects "^1.10.0"

follow-redirects@^1.10.0:
  version "1.13.1"
  resolved "https://registry.yarnpkg.com/follow-redirects/-/follow-redirects-1.13.1.tgz#5f69b813376cee4fd0474a3aba835df04ab763b7"
  integrity sha512-SSG5xmZh1mkPGyKzjZP8zLjltIfpW32Y5QpdNJyjcfGxK3qo3NDDkZOZSFiGn1A6SclQxY9GzEwAHQ3dmYRWpg==
